
Microsoft Visual Studio Solution File, Format Version 12.00
# Visual Studio Version 17
VisualStudioVersion = 17.2.32616.157
MinimumVisualStudioVersion = 10.0.40219.1
Project("{FAE04EC0-301F-11D3-BF4B-00C04F79EFBC}") = "vs-log-extension", "vs-log-extension.csproj", "{3660BC8C-A248-4010-BA66-B87B46EBEF9C}"
EndProject
Global
	GlobalSection(SolutionConfigurationPlatforms) = preSolution
		Debug|Any CPU = Debug|Any CPU
		Debug|x86 = Debug|x86
		Release|Any CPU = Release|Any CPU
		Release|x86 = Release|x86
	EndGlobalSection
	GlobalSection(ProjectConfigurationPlatforms) = postSolution
		{3660BC8C-A248-4010-BA66-B87B46EBEF9C}.Debug|Any CPU.ActiveCfg = Debug|Any CPU
		{3660BC8C-A248-4010-BA66-B87B46EBEF9C}.Debug|Any CPU.Build.0 = Debug|Any CPU
		{3660BC8C-A248-4010-BA66-B87B46EBEF9C}.Debug|x86.ActiveCfg = Debug|x86
		{3660BC8C-A248-4010-BA66-B87B46EBEF9C}.Debug|x86.Build.0 = Debug|x86
		{3660BC8C-A248-4010-BA66-B87B46EBEF9C}.Release|Any CPU.ActiveCfg = Release|Any CPU
		{3660BC8C-A248-4010-BA66-B87B46EBEF9C}.Release|Any CPU.Build.0 = Release|Any CPU
		{3660BC8C-A248-4010-BA66-B87B46EBEF9C}.Release|x86.ActiveCfg = Release|x86
		{3660BC8C-A248-4010-BA66-B87B46EBEF9C}.Release|x86.Build.0 = Release|x86
	EndGlobalSection
	GlobalSection(SolutionProperties) = preSolution
		HideSolutionNode = FALSE
	EndGlobalSection
	GlobalSection(ExtensibilityGlobals) = postSolution
		SolutionGuid = {B337B9C7-0CC2-4BB3-947D-8AE86D64F440}
	EndGlobalSection
EndGlobal
